
Microsoft Visual Studio Solution File, Format Version 12.00
# Visual Studio 15
VisualStudioVersion = 15.0.28307.102
MinimumVisualStudioVersion = 10.0.40219.1
Project("{FAE04EC0-301F-11D3-BF4B-00C04F79EFBC}") = "Bulk Git Manager", "Bulk Git Manager\Bulk Git Manager.csproj", "{4A3F7F18-70F2-47CF-8D0E-6A3C1E7285DE}"
EndProject
Global
	GlobalSection(SolutionConfigurationPlatforms) = preSolution
		Debug|Any CPU = Debug|Any CPU
		Release|Any CPU = Release|Any CPU
	EndGlobalSection
	GlobalSection(ProjectConfigurationPlatforms) = postSolution
		{4A3F7F18-70F2-47CF-8D0E-6A3C1E7285DE}.Debug|Any CPU.ActiveCfg = Debug|Any CPU
		{4A3F7F18-70F2-47CF-8D0E-6A3C1E7285DE}.Debug|Any CPU.Build.0 = Debug|Any CPU
		{4A3F7F18-70F2-47CF-8D0E-6A3C1E7285DE}.Release|Any CPU.ActiveCfg = Release|Any CPU
		{4A3F7F18-70F2-47CF-8D0E-6A3C1E7285DE}.Release|Any CPU.Build.0 = Release|Any CPU
	EndGlobalSection
	GlobalSection(SolutionProperties) = preSolution
		HideSolutionNode = FALSE
	EndGlobalSection
	GlobalSection(ExtensibilityGlobals) = postSolution
		SolutionGuid = {30D56A68-A516-4442-AB31-D8B64680E37A}
	EndGlobalSection
EndGlobal
